github.com/SENERGY-Platform/go-base-http-client v0.0.2 h1:sF4QDRkNjhnKQh6d8ujfxQRpeWzSTiBeYIK/aNWWOls=
github.com/SENERGY-Platform/go-base-http-client v0.0.2/go.mod h1:NfKW/relIVTkMXhz4OqZlzJXYPQUYEKxwqou8D0B/Kw=
github.com/SENERGY-Platform/mgw-core-manager/lib v0.10.1 h1:pGdfTPQDcCeKneL/XOK9CvvxSY3EzvknwFgx5HTE9JU=
github.com/SENERGY-Platform/mgw-core-manager/lib v0.10.1/go.mod h1:kQVEqJLIr96AAF2/ePOd9fotJDehYS+xP8unjn2MC5w=
github.com/SENERGY-Platform/mgw-go-service-base/job-hdl/lib v0.1.1 h1:IygyZ7cC91fiMz8O7ZUghKYAfJFk7XAJnoBBc+62RkE=
github.com/SENERGY-Platform/mgw-go-service-base/job-hdl/lib v0.1.1/go.mod h1:5FGXcRj/fiLQAww1TBYs4OpQZmjWmxQjOdlRN5343Qw=
github.com/SENERGY-Platform/mgw-go-service-base/srv-info-hdl/lib v0.0.3 h1:+yoS/vw24gobIpqKp/m1x/riO//Hh2Cp03VXlFuToK8=
github.com/SENERGY-Platform/mgw-go-service-base/srv-info-hdl/lib v0.0.3/go.mod h1:LVe27aJcwV4k0e4BjY6UBg62l6vyZ6BiB+zyR/4lAEE=
